
Microsoft Visual Studio Solution File, Format Version 12.00
# Visual Studio Version 16
VisualStudioVersion = 16.0.31112.23
MinimumVisualStudioVersion = 10.0.40219.1
Project("{FAE04EC0-301F-11D3-BF4B-00C04F79EFBC}") = "SqlSugarMVC.Web", "SqlSugarMVC.Web.csproj", "{9EB36F07-2A2D-4F1C-A3D8-89B372CA69EF}"
EndProject
Project("{FAE04EC0-301F-11D3-BF4B-00C04F79EFBC}") = "SqlSugarMVC.Common", "..\SqlSugarMVC.Common\SqlSugarMVC.Common.csproj", "{7FE0E28F-766A-469F-8112-6E9455C92155}"
EndProject
Project("{FAE04EC0-301F-11D3-BF4B-00C04F79EFBC}") = "SqlSugarMVC.Interfases", "..\SqlSugarMVC.Interfases\SqlSugarMVC.Interfases.csproj", "{4A5C715A-70FD-46ED-83E6-C5A5500E3582}"
EndProject
Project("{FAE04EC0-301F-11D3-BF4B-00C04F79EFBC}") = "SqlSugarMVC.Services", "..\SqlSugarMVC.Services\SqlSugarMVC.Services.csproj", "{CF10812A-F8DA-4826-B495-8CFA91EF9474}"
EndProject
Project("{FAE04EC0-301F-11D3-BF4B-00C04F79EFBC}") = "SqlSugarMVC.Models", "..\SqlSugarMVC.Models\SqlSugarMVC.Models.csproj", "{1E6A9D10-8BA2-471A-B8D7-59B8B6BBEC9A}"
EndProject
Global
	GlobalSection(SolutionConfigurationPlatforms) = preSolution
		Debug|Any CPU = Debug|Any CPU
		Release|Any CPU = Release|Any CPU
	EndGlobalSection
	GlobalSection(ProjectConfigurationPlatforms) = postSolution
		{9EB36F07-2A2D-4F1C-A3D8-89B372CA69EF}.Debug|Any CPU.ActiveCfg = Debug|Any CPU
		{9EB36F07-2A2D-4F1C-A3D8-89B372CA69EF}.Debug|Any CPU.Build.0 = Debug|Any CPU
		{9EB36F07-2A2D-4F1C-A3D8-89B372CA69EF}.Release|Any CPU.ActiveCfg = Release|Any CPU
		{9EB36F07-2A2D-4F1C-A3D8-89B372CA69EF}.Release|Any CPU.Build.0 = Release|Any CPU
		{7FE0E28F-766A-469F-8112-6E9455C92155}.Debug|Any CPU.ActiveCfg = Debug|Any CPU
		{7FE0E28F-766A-469F-8112-6E9455C92155}.Debug|Any CPU.Build.0 = Debug|Any CPU
		{7FE0E28F-766A-469F-8112-6E9455C92155}.Release|Any CPU.ActiveCfg = Release|Any CPU
		{7FE0E28F-766A-469F-8112-6E9455C92155}.Release|Any CPU.Build.0 = Release|Any CPU
		{4A5C715A-70FD-46ED-83E6-C5A5500E3582}.Debug|Any CPU.ActiveCfg = Debug|Any CPU
		{4A5C715A-70FD-46ED-83E6-C5A5500E3582}.Debug|Any CPU.Build.0 = Debug|Any CPU
		{4A5C715A-70FD-46ED-83E6-C5A5500E3582}.Release|Any CPU.ActiveCfg = Release|Any CPU
		{4A5C715A-70FD-46ED-83E6-C5A5500E3582}.Release|Any CPU.Build.0 = Release|Any CPU
		{CF10812A-F8DA-4826-B495-8CFA91EF9474}.Debug|Any CPU.ActiveCfg = Debug|Any CPU
		{CF10812A-F8DA-4826-B495-8CFA91EF9474}.Debug|Any CPU.Build.0 = Debug|Any CPU
		{CF10812A-F8DA-4826-B495-8CFA91EF9474}.Release|Any CPU.ActiveCfg = Release|Any CPU
		{CF10812A-F8DA-4826-B495-8CFA91EF9474}.Release|Any CPU.Build.0 = Release|Any CPU
		{1E6A9D10-8BA2-471A-B8D7-59B8B6BBEC9A}.Debug|Any CPU.ActiveCfg = Debug|Any CPU
		{1E6A9D10-8BA2-471A-B8D7-59B8B6BBEC9A}.Debug|Any CPU.Build.0 = Debug|Any CPU
		{1E6A9D10-8BA2-471A-B8D7-59B8B6BBEC9A}.Release|Any CPU.ActiveCfg = Release|Any CPU
		{1E6A9D10-8BA2-471A-B8D7-59B8B6BBEC9A}.Release|Any CPU.Build.0 = Release|Any CPU
	EndGlobalSection
	GlobalSection(SolutionProperties) = preSolution
		HideSolutionNode = FALSE
	EndGlobalSection
	GlobalSection(ExtensibilityGlobals) = postSolution
		SolutionGuid = {A31BD1E1-F40A-4B0A-A0E2-7E6A25C774BB}
	EndGlobalSection
EndGlobal
